{
  "name": "csv-locale-json",
  "version": "1.0.0",
  "lockfileVersion": 2,
  "requires": true,
  "packages": {
    "": {
      "name": "csv-locale-json",
      "version": "1.0.0",
      "license": "ISC",
      "dependencies": {
        "commander": "^8.0.0"
      },
      "bin": {
        "csv-to-locale-json": "index.js"
      },
      "devDependencies": {
        "csv-parse": "^4.16.0",
        "node-fetch": "^2.6.1"
      }
    },
    "node_modules/commander": {
      "version": "8.0.0",
      "resolved": "https://registry.npmjs.org/commander/-/commander-8.0.0.tgz",
      "integrity": "sha512-Xvf85aAtu6v22+E5hfVoLHqyul/jyxh91zvqk/ioJTQuJR7Z78n7H558vMPKanPSRgIEeZemT92I2g9Y8LPbSQ==",
      "engines": {
        "node": ">= 12"
      }
    },
    "node_modules/csv-parse": {
      "version": "4.16.0",
      "resolved": "https://registry.yarnpkg.com/csv-parse/-/csv-parse-4.16.0.tgz",
      "dev": true,
      "license": "MIT"
    },
    "node_modules/node-fetch": {
      "version": "2.6.1",
      "resolved": "https://registry.yarnpkg.com/node-fetch/-/node-fetch-2.6.1.tgz",
      "dev": true,
      "license": "MIT",
      "engines": {
        "node": "4.x || >=6.0.0"
      }
    }
  },
  "dependencies": {
    "commander": {
      "version": "8.0.0",
      "resolved": "https://registry.npmjs.org/commander/-/commander-8.0.0.tgz",
      "integrity": "sha512-Xvf85aAtu6v22+E5hfVoLHqyul/jyxh91zvqk/ioJTQuJR7Z78n7H558vMPKanPSRgIEeZemT92I2g9Y8LPbSQ=="
    },
    "csv-parse": {
      "version": "4.16.0",
      "resolved": "https://registry.yarnpkg.com/csv-parse/-/csv-parse-4.16.0.tgz",
      "dev": true
    },
    "node-fetch": {
      "version": "2.6.1",
      "resolved": "https://registry.yarnpkg.com/node-fetch/-/node-fetch-2.6.1.tgz",
      "dev": true
    }
  }
}
