# THIS IS AN AUTOGENERATED FILE. DO NOT EDIT THIS FILE DIRECTLY.
# yarn lockfile v1


"commander@^8.0.0":
  "integrity" "sha512-Xvf85aAtu6v22+E5hfVoLHqyul/jyxh91zvqk/ioJTQuJR7Z78n7H558vMPKanPSRgIEeZemT92I2g9Y8LPbSQ=="
  "resolved" "https://registry.npmjs.org/commander/-/commander-8.0.0.tgz"
  "version" "8.0.0"

"csv-parse@^4.16.0":
  "resolved" "https://registry.yarnpkg.com/csv-parse/-/csv-parse-4.16.0.tgz"
  "version" "4.16.0"

"node-fetch@^2.6.1":
  "resolved" "https://registry.yarnpkg.com/node-fetch/-/node-fetch-2.6.1.tgz"
  "version" "2.6.1"
